{
  "name": "root",
  "requires": true,
  "lockfileVersion": 1,
  "dependencies": {
    "@dance2die_demo/doctor": {
      "version": "0.0.3",
      "resolved": "https://registry.npmjs.org/@dance2die_demo/doctor/-/doctor-0.0.3.tgz",
      "integrity": "sha512-5RmRUb+ssAO6PD8wIvXdNUfBbGz2oi6BIFcmr/tAsqpXX+hofnewCAJk1uebRzpiP8siItUeWwGgUB7ygM2++A==",
      "dev": true
    },
    "@dance2die_demo/patient": {
      "version": "0.0.3",
      "resolved": "https://registry.npmjs.org/@dance2die_demo/patient/-/patient-0.0.3.tgz",
      "integrity": "sha512-1HRlZvpGL9H8Ix6MIhX6N6T0E7667hk8F4tJy3YF99IrKilsrXFIT55d66E0U8Ec73luTZEtS3s9nS4MWyi0ug==",
      "dev": true
    },
    "@types/node": {
      "version": "11.10.4",
      "resolved": "https://registry.npmjs.org/@types/node/-/node-11.10.4.tgz",
      "integrity": "sha512-wa09itaLE8L705aXd8F80jnFpxz3Y1/KRHfKsYL2bPc0XF+wEWu8sR9n5bmeu8Ba1N9z2GRNzm/YdHcghLkLKg=="
    },
    "typescript": {
      "version": "3.3.3333",
      "resolved": "https://registry.npmjs.org/typescript/-/typescript-3.3.3333.tgz",
      "integrity": "sha512-JjSKsAfuHBE/fB2oZ8NxtRTk5iGcg6hkYXMnZ3Wc+b2RSqejEqTaem11mHASMnFilHrax3sLK0GDzcJrekZYLw=="
    }
  }
}
